
Microsoft Visual Studio Solution File, Format Version 12.00
# Visual Studio Version 17
VisualStudioVersion = 17.0.31903.59
MinimumVisualStudioVersion = 10.0.40219.1
Project("{FAE04EC0-301F-11D3-BF4B-00C04F79EFBC}") = "Web.API", "src\Web.API\Web.API.csproj", "{565B696F-2EB9-45EA-A349-1609A62C7195}"
EndProject
Project("{FAE04EC0-301F-11D3-BF4B-00C04F79EFBC}") = "Application", "src\Application\Application.csproj", "{722EA625-AC28-4E08-BC3A-BA352383561B}"
EndProject
Project("{FAE04EC0-301F-11D3-BF4B-00C04F79EFBC}") = "Infrastructure", "src\Infrastructure\Infrastructure.csproj", "{827CD91F-C32A-43A2-BC36-FA957B6F7447}"
EndProject
Project("{FAE04EC0-301F-11D3-BF4B-00C04F79EFBC}") = "Domain", "src\Domain\Domain.csproj", "{D2A5ECA2-BBAA-4C59-9E0A-D07640FBC50C}"
EndProject
Project("{2150E333-8FDC-42A3-9474-1A3956D46DE8}") = "tests", "tests", "{A6996E8E-4EB5-4B11-A44C-0B7D43F10CC6}"
EndProject
Project("{2150E333-8FDC-42A3-9474-1A3956D46DE8}") = "UnitTests", "UnitTests", "{0FBBEEF4-AEBC-4B0D-8E72-028DC4D24B0A}"
EndProject
Project("{FAE04EC0-301F-11D3-BF4B-00C04F79EFBC}") = "Application.Customers.UnitTests", "tests\UnitTests\Application.Customers.UnitTests\Application.Customers.UnitTests.csproj", "{BB02C67F-DAE3-4620-B5E8-32013670B127}"
EndProject
Global
	GlobalSection(SolutionConfigurationPlatforms) = preSolution
		Debug|Any CPU = Debug|Any CPU
		Release|Any CPU = Release|Any CPU
	EndGlobalSection
	GlobalSection(SolutionProperties) = preSolution
		HideSolutionNode = FALSE
	EndGlobalSection
	GlobalSection(ProjectConfigurationPlatforms) = postSolution
		{565B696F-2EB9-45EA-A349-1609A62C7195}.Debug|Any CPU.ActiveCfg = Debug|Any CPU
		{565B696F-2EB9-45EA-A349-1609A62C7195}.Debug|Any CPU.Build.0 = Debug|Any CPU
		{565B696F-2EB9-45EA-A349-1609A62C7195}.Release|Any CPU.ActiveCfg = Release|Any CPU
		{565B696F-2EB9-45EA-A349-1609A62C7195}.Release|Any CPU.Build.0 = Release|Any CPU
		{722EA625-AC28-4E08-BC3A-BA352383561B}.Debug|Any CPU.ActiveCfg = Debug|Any CPU
		{722EA625-AC28-4E08-BC3A-BA352383561B}.Debug|Any CPU.Build.0 = Debug|Any CPU
		{722EA625-AC28-4E08-BC3A-BA352383561B}.Release|Any CPU.ActiveCfg = Release|Any CPU
		{722EA625-AC28-4E08-BC3A-BA352383561B}.Release|Any CPU.Build.0 = Release|Any CPU
		{827CD91F-C32A-43A2-BC36-FA957B6F7447}.Debug|Any CPU.ActiveCfg = Debug|Any CPU
		{827CD91F-C32A-43A2-BC36-FA957B6F7447}.Debug|Any CPU.Build.0 = Debug|Any CPU
		{827CD91F-C32A-43A2-BC36-FA957B6F7447}.Release|Any CPU.ActiveCfg = Release|Any CPU
		{827CD91F-C32A-43A2-BC36-FA957B6F7447}.Release|Any CPU.Build.0 = Release|Any CPU
		{D2A5ECA2-BBAA-4C59-9E0A-D07640FBC50C}.Debug|Any CPU.ActiveCfg = Debug|Any CPU
		{D2A5ECA2-BBAA-4C59-9E0A-D07640FBC50C}.Debug|Any CPU.Build.0 = Debug|Any CPU
		{D2A5ECA2-BBAA-4C59-9E0A-D07640FBC50C}.Release|Any CPU.ActiveCfg = Release|Any CPU
		{D2A5ECA2-BBAA-4C59-9E0A-D07640FBC50C}.Release|Any CPU.Build.0 = Release|Any CPU
		{BB02C67F-DAE3-4620-B5E8-32013670B127}.Debug|Any CPU.ActiveCfg = Debug|Any CPU
		{BB02C67F-DAE3-4620-B5E8-32013670B127}.Debug|Any CPU.Build.0 = Debug|Any CPU
		{BB02C67F-DAE3-4620-B5E8-32013670B127}.Release|Any CPU.ActiveCfg = Release|Any CPU
		{BB02C67F-DAE3-4620-B5E8-32013670B127}.Release|Any CPU.Build.0 = Release|Any CPU
	EndGlobalSection
	GlobalSection(NestedProjects) = preSolution
		{0FBBEEF4-AEBC-4B0D-8E72-028DC4D24B0A} = {A6996E8E-4EB5-4B11-A44C-0B7D43F10CC6}
		{BB02C67F-DAE3-4620-B5E8-32013670B127} = {0FBBEEF4-AEBC-4B0D-8E72-028DC4D24B0A}
	EndGlobalSection
EndGlobal
